{
	"name": "datocms-plugins-sdk",
	"version": "0.2.0-alpha.23",
	"lockfileVersion": 2,
	"requires": true,
	"packages": {
		"": {
			"name": "datocms-plugins-sdk",
			"version": "0.2.0",
			"license": "MIT",
			"dependencies": {
				"lodash-es": "^4.17.11",
				"penpal": "^4.1.1"
			},
			"devDependencies": {
				"@types/lodash-es": "^4.17.0"
			}
		},
		"node_modules/@types/lodash": {
			"version": "4.14.175",
			"resolved": "https://registry.npmjs.org/@types/lodash/-/lodash-4.14.175.tgz",
			"integrity": "sha512-XmdEOrKQ8a1Y/yxQFOMbC47G/V2VDO1GvMRnl4O75M4GW/abC5tnfzadQYkqEveqRM1dEJGFFegfPNA2vvx2iw==",
			"dev": true
		},
		"node_modules/@types/lodash-es": {
			"version": "4.17.5",
			"resolved": "https://registry.npmjs.org/@types/lodash-es/-/lodash-es-4.17.5.tgz",
			"integrity": "sha512-SHBoI8/0aoMQWAgUHMQ599VM6ZiSKg8sh/0cFqqlQQMyY9uEplc0ULU5yQNzcvdR4ZKa0ey8+vFmahuRbOCT1A==",
			"dev": true,
			"dependencies": {
				"@types/lodash": "*"
			}
		},
		"node_modules/lodash-es": {
			"version": "4.17.21",
			"resolved": "https://registry.npmjs.org/lodash-es/-/lodash-es-4.17.21.tgz",
			"integrity": "sha512-mKnC+QJ9pWVzv+C4/U3rRsHapFfHvQFoFB92e52xeyGMcX6/OlIl78je1u8vePzYZSkkogMPJ2yjxxsb89cxyw=="
		},
		"node_modules/penpal": {
			"version": "4.1.1",
			"resolved": "https://registry.npmjs.org/penpal/-/penpal-4.1.1.tgz",
			"integrity": "sha512-6d1f8khVLyBz3DnhLztbfjJ7+ANxdXRM2l6awpnCdEtbrmse4AGTsELOvGuNY0SU7xZw7heGbP6IikVvaVTOWw=="
		}
	},
	"dependencies": {
		"@types/lodash": {
			"version": "4.14.175",
			"resolved": "https://registry.npmjs.org/@types/lodash/-/lodash-4.14.175.tgz",
			"integrity": "sha512-XmdEOrKQ8a1Y/yxQFOMbC47G/V2VDO1GvMRnl4O75M4GW/abC5tnfzadQYkqEveqRM1dEJGFFegfPNA2vvx2iw==",
			"dev": true
		},
		"@types/lodash-es": {
			"version": "4.17.5",
			"resolved": "https://registry.npmjs.org/@types/lodash-es/-/lodash-es-4.17.5.tgz",
			"integrity": "sha512-SHBoI8/0aoMQWAgUHMQ599VM6ZiSKg8sh/0cFqqlQQMyY9uEplc0ULU5yQNzcvdR4ZKa0ey8+vFmahuRbOCT1A==",
			"dev": true,
			"requires": {
				"@types/lodash": "*"
			}
		},
		"lodash-es": {
			"version": "4.17.21",
			"resolved": "https://registry.npmjs.org/lodash-es/-/lodash-es-4.17.21.tgz",
			"integrity": "sha512-mKnC+QJ9pWVzv+C4/U3rRsHapFfHvQFoFB92e52xeyGMcX6/OlIl78je1u8vePzYZSkkogMPJ2yjxxsb89cxyw=="
		},
		"penpal": {
			"version": "4.1.1",
			"resolved": "https://registry.npmjs.org/penpal/-/penpal-4.1.1.tgz",
			"integrity": "sha512-6d1f8khVLyBz3DnhLztbfjJ7+ANxdXRM2l6awpnCdEtbrmse4AGTsELOvGuNY0SU7xZw7heGbP6IikVvaVTOWw=="
		}
	}
}
